
Microsoft Visual Studio Solution File, Format Version 12.00
# Visual Studio Version 16
VisualStudioVersion = 16.0.29728.190
MinimumVisualStudioVersion = 10.0.40219.1
Project("{FAE04EC0-301F-11D3-BF4B-00C04F79EFBC}") = "MediatrRegistrationTest", "MediatrRegistrationTest\MediatrRegistrationTest.csproj", "{3A9F644E-B777-4565-8AC4-B3D10F6B1828}"
EndProject
Global
	GlobalSection(SolutionConfigurationPlatforms) = preSolution
		Debug|Any CPU = Debug|Any CPU
		Release|Any CPU = Release|Any CPU
	EndGlobalSection
	GlobalSection(ProjectConfigurationPlatforms) = postSolution
		{3A9F644E-B777-4565-8AC4-B3D10F6B1828}.Debug|Any CPU.ActiveCfg = Debug|Any CPU
		{3A9F644E-B777-4565-8AC4-B3D10F6B1828}.Debug|Any CPU.Build.0 = Debug|Any CPU
		{3A9F644E-B777-4565-8AC4-B3D10F6B1828}.Release|Any CPU.ActiveCfg = Release|Any CPU
		{3A9F644E-B777-4565-8AC4-B3D10F6B1828}.Release|Any CPU.Build.0 = Release|Any CPU
	EndGlobalSection
	GlobalSection(SolutionProperties) = preSolution
		HideSolutionNode = FALSE
	EndGlobalSection
	GlobalSection(ExtensibilityGlobals) = postSolution
		SolutionGuid = {B7B016DB-187D-48BD-986F-5508354042A6}
	EndGlobalSection
EndGlobal
